
Microsoft Visual Studio Solution File, Format Version 12.00
# Visual Studio 15
VisualStudioVersion = 15.0.27703.2026
MinimumVisualStudioVersion = 10.0.40219.1
Project("{FAE04EC0-301F-11D3-BF4B-00C04F79EFBC}") = "TEST_SITE_true", "TEST_SITE_true\TEST_SITE_true.csproj", "{5B17CB98-C825-4757-B51F-4F9A6F794B6F}"
EndProject
Global
	GlobalSection(SolutionConfigurationPlatforms) = preSolution
		Debug|Any CPU = Debug|Any CPU
		Release|Any CPU = Release|Any CPU
	EndGlobalSection
	GlobalSection(ProjectConfigurationPlatforms) = postSolution
		{5B17CB98-C825-4757-B51F-4F9A6F794B6F}.Debug|Any CPU.ActiveCfg = Debug|Any CPU
		{5B17CB98-C825-4757-B51F-4F9A6F794B6F}.Debug|Any CPU.Build.0 = Debug|Any CPU
		{5B17CB98-C825-4757-B51F-4F9A6F794B6F}.Release|Any CPU.ActiveCfg = Release|Any CPU
		{5B17CB98-C825-4757-B51F-4F9A6F794B6F}.Release|Any CPU.Build.0 = Release|Any CPU
	EndGlobalSection
	GlobalSection(SolutionProperties) = preSolution
		HideSolutionNode = FALSE
	EndGlobalSection
	GlobalSection(ExtensibilityGlobals) = postSolution
		SolutionGuid = {170E2D3B-9206-479C-BFDC-A51E00D56D60}
	EndGlobalSection
EndGlobal
